// !$*UTF8*$!
{
	archiveVersion = 1;
	classes = {
	};
	objectVersion = 46;
	objects = {

/* Begin PBXBuildFile section */
		EDEF187418EC8B2D003E8AAE /* cmdutils_opencl.c in Sources */ = {isa = PBXBuildFile; fileRef = EDEF187118EC8B2D003E8AAE /* cmdutils_opencl.c */; };
		EDEF187518EC8B2D003E8AAE /* cmdutils.c in Sources */ = {isa = PBXBuildFile; fileRef = EDEF187218EC8B2D003E8AAE /* cmdutils.c */; };
		EDEF187618EC8B2D003E8AAE /* ffplay.c in Sources */ = {isa = PBXBuildFile; fileRef = EDEF187318EC8B2D003E8AAE /* ffplay.c */; };
		EDEF187B18EC8B48003E8AAE /* CoreFoundation.framework in Frameworks */ = {isa = PBXBuildFile; fileRef = EDEF187818EC8B48003E8AAE /* CoreFoundation.framework */; };
		EDEF187C18EC8B48003E8AAE /* Cocoa.framework in Frameworks */ = {isa = PBXBuildFile; fileRef = EDEF187918EC8B48003E8AAE /* Cocoa.framework */; };
		EDEF187D18EC8B48003E8AAE /* OpenCL.framework in Frameworks */ = {isa = PBXBuildFile; fileRef = EDEF187A18EC8B48003E8AAE /* OpenCL.framework */; };
		EDEF188818EC8B5A003E8AAE /* libSDLmain.a in Frameworks */ = {isa = PBXBuildFile; fileRef = EDEF187F18EC8B5A003E8AAE /* libSDLmain.a */; };
		EDEF188918EC8B5A003E8AAE /* libavformat.a in Frameworks */ = {isa = PBXBuildFile; fileRef = EDEF188018EC8B5A003E8AAE /* libavformat.a */; };
		EDEF188A18EC8B5A003E8AAE /* libavfilter.a in Frameworks */ = {isa = PBXBuildFile; fileRef = EDEF188118EC8B5A003E8AAE /* libavfilter.a */; };
		EDEF188B18EC8B5A003E8AAE /* libavdevice.a in Frameworks */ = {isa = PBXBuildFile; fileRef = EDEF188218EC8B5A003E8AAE /* libavdevice.a */; };
		EDEF188C18EC8B5A003E8AAE /* libavcodec.a in Frameworks */ = {isa = PBXBuildFile; fileRef = EDEF188318EC8B5A003E8AAE /* libavcodec.a */; };
		EDEF188D18EC8B5A003E8AAE /* libavutil.a in Frameworks */ = {isa = PBXBuildFile; fileRef = EDEF188418EC8B5A003E8AAE /* libavutil.a */; };
		EDEF188E18EC8B5A003E8AAE /* libSDL.a in Frameworks */ = {isa = PBXBuildFile; fileRef = EDEF188518EC8B5A003E8AAE /* libSDL.a */; };
		EDEF188F18EC8B5A003E8AAE /* libswscale.a in Frameworks */ = {isa = PBXBuildFile; fileRef = EDEF188618EC8B5A003E8AAE /* libswscale.a */; };
		EDEF189018EC8B5A003E8AAE /* libswresample.a in Frameworks */ = {isa = PBXBuildFile; fileRef = EDEF188718EC8B5A003E8AAE /* libswresample.a */; };
/* End PBXBuildFile section */

/* Begin PBXCopyFilesBuildPhase section */
		EDEF186318EC8AFF003E8AAE /* CopyFiles */ = {
			isa = PBXCopyFilesBuildPhase;
			buildActionMask = 2147483647;
			dstPath = /usr/share/man/man1/;
			dstSubfolderSpec = 0;
			files = (
			);
			runOnlyForDeploymentPostprocessing = 1;
		};
/* End PBXCopyFilesBuildPhase section */

/* Begin PBXFileReference section */
		EDEF186518EC8AFF003E8AAE /* ffplay-xcode */ = {isa = PBXFileReference; explicitFileType = "compiled.mach-o.executable"; includeInIndex = 0; path = "ffplay-xcode"; sourceTree = BUILT_PRODUCTS_DIR; };
		EDEF187118EC8B2D003E8AAE /* cmdutils_opencl.c */ = {isa = PBXFileReference; fileEncoding = 4; lastKnownFileType = sourcecode.c.c; name = cmdutils_opencl.c; path = ../../../cmdutils_opencl.c; sourceTree = "<group>"; };
		EDEF187218EC8B2D003E8AAE /* cmdutils.c */ = {isa = PBXFileReference; fileEncoding = 4; lastKnownFileType = sourcecode.c.c; name = cmdutils.c; path = ../../../cmdutils.c; sourceTree = "<group>"; };
		EDEF187318EC8B2D003E8AAE /* ffplay.c */ = {isa = PBXFileReference; fileEncoding = 4; lastKnownFileType = sourcecode.c.c; name = ffplay.c; path = ../../../ffplay.c; sourceTree = "<group>"; };
		EDEF187818EC8B48003E8AAE /* CoreFoundation.framework */ = {isa = PBXFileReference; lastKnownFileType = wrapper.framework; name = CoreFoundation.framework; path = System/Library/Frameworks/CoreFoundation.framework; sourceTree = SDKROOT; };
		EDEF187918EC8B48003E8AAE /* Cocoa.framework */ = {isa = PBXFileReference; lastKnownFileType = wrapper.framework; name = Cocoa.framework; path = System/Library/Frameworks/Cocoa.framework; sourceTree = SDKROOT; };
		EDEF187A18EC8B48003E8AAE /* OpenCL.framework */ = {isa = PBXFileReference; lastKnownFileType = wrapper.framework; name = OpenCL.framework; path = System/Library/Frameworks/OpenCL.framework; sourceTree = SDKROOT; };
		EDEF187F18EC8B5A003E8AAE /* libSDLmain.a */ = {isa = PBXFileReference; lastKnownFileType = archive.ar; name = libSDLmain.a; path = /usr/local/Cellar/sdl/1.2.15/lib/libSDLmain.a; sourceTree = "<absolute>"; };
		EDEF188018EC8B5A003E8AAE /* libavformat.a */ = {isa = PBXFileReference; lastKnownFileType = archive.ar; name = libavformat.a; path = ../../libavformat/libavformat.a; sourceTree = "<group>"; };
		EDEF188118EC8B5A003E8AAE /* libavfilter.a */ = {isa = PBXFileReference; lastKnownFileType = archive.ar; name = libavfilter.a; path = ../../libavfilter/libavfilter.a; sourceTree = "<group>"; };
		EDEF188218EC8B5A003E8AAE /* libavdevice.a */ = {isa = PBXFileReference; lastKnownFileType = archive.ar; name = libavdevice.a; path = ../../libavdevice/libavdevice.a; sourceTree = "<group>"; };
		EDEF188318EC8B5A003E8AAE /* libavcodec.a */ = {isa = PBXFileReference; lastKnownFileType = archive.ar; name = libavcodec.a; path = ../../libavcodec/libavcodec.a; sourceTree = "<group>"; };
		EDEF188418EC8B5A003E8AAE /* libavutil.a */ = {isa = PBXFileReference; lastKnownFileType = archive.ar; name = libavutil.a; path = ../../libavutil/libavutil.a; sourceTree = "<group>"; };
		EDEF188518EC8B5A003E8AAE /* libSDL.a */ = {isa = PBXFileReference; lastKnownFileType = archive.ar; name = libSDL.a; path = /usr/local/Cellar/sdl/1.2.15/lib/libSDL.a; sourceTree = "<absolute>"; };
		EDEF188618EC8B5A003E8AAE /* libswscale.a */ = {isa = PBXFileReference; lastKnownFileType = archive.ar; name = libswscale.a; path = ../../libswscale/libswscale.a; sourceTree = "<group>"; };
		EDEF188718EC8B5A003E8AAE /* libswresample.a */ = {isa = PBXFileReference; lastKnownFileType = archive.ar; name = libswresample.a; path = ../../libswresample/libswresample.a; sourceTree = "<group>"; };
/* End PBXFileReference section */

/* Begin PBXFrameworksBuildPhase section */
		EDEF186218EC8AFF003E8AAE /* Frameworks */ = {
			isa = PBXFrameworksBuildPhase;
			buildActionMask = 2147483647;
			files = (
				EDEF188D18EC8B5A003E8AAE /* libavutil.a in Frameworks */,
				EDEF188B18EC8B5A003E8AAE /* libavdevice.a in Frameworks */,
				EDEF188F18EC8B5A003E8AAE /* libswscale.a in Frameworks */,
				EDEF188A18EC8B5A003E8AAE /* libavfilter.a in Frameworks */,
				EDEF189018EC8B5A003E8AAE /* libswresample.a in Frameworks */,
				EDEF187C18EC8B48003E8AAE /* Cocoa.framework in Frameworks */,
				EDEF187B18EC8B48003E8AAE /* CoreFoundation.framework in Frameworks */,
				EDEF188818EC8B5A003E8AAE /* libSDLmain.a in Frameworks */,
				EDEF188918EC8B5A003E8AAE /* libavformat.a in Frameworks */,
				EDEF188E18EC8B5A003E8AAE /* libSDL.a in Frameworks */,
				EDEF187D18EC8B48003E8AAE /* OpenCL.framework in Frameworks */,
				EDEF188C18EC8B5A003E8AAE /* libavcodec.a in Frameworks */,
			);
			runOnlyForDeploymentPostprocessing = 0;
		};
/* End PBXFrameworksBuildPhase section */

/* Begin PBXGroup section */
		EDEF185C18EC8AFF003E8AAE = {
			isa = PBXGroup;
			children = (
				EDEF187E18EC8B4F003E8AAE /* libs */,
				EDEF187718EC8B3A003E8AAE /* frameworks */,
				EDEF186718EC8AFF003E8AAE /* ffplay-xcode */,
				EDEF186618EC8AFF003E8AAE /* Products */,
			);
			sourceTree = "<group>";
		};
		EDEF186618EC8AFF003E8AAE /* Products */ = {
			isa = PBXGroup;
			children = (
				EDEF186518EC8AFF003E8AAE /* ffplay-xcode */,
			);
			name = Products;
			sourceTree = "<group>";
		};
		EDEF186718EC8AFF003E8AAE /* ffplay-xcode */ = {
			isa = PBXGroup;
			children = (
				EDEF187118EC8B2D003E8AAE /* cmdutils_opencl.c */,
				EDEF187218EC8B2D003E8AAE /* cmdutils.c */,
				EDEF187318EC8B2D003E8AAE /* ffplay.c */,
			);
			path = "ffplay-xcode";
			sourceTree = "<group>";
		};
		EDEF187718EC8B3A003E8AAE /* frameworks */ = {
			isa = PBXGroup;
			children = (
				EDEF187818EC8B48003E8AAE /* CoreFoundation.framework */,
				EDEF187918EC8B48003E8AAE /* Cocoa.framework */,
				EDEF187A18EC8B48003E8AAE /* OpenCL.framework */,
			);
			name = frameworks;
			sourceTree = "<group>";
		};
		EDEF187E18EC8B4F003E8AAE /* libs */ = {
			isa = PBXGroup;
			children = (
				EDEF187F18EC8B5A003E8AAE /* libSDLmain.a */,
				EDEF188018EC8B5A003E8AAE /* libavformat.a */,
				EDEF188118EC8B5A003E8AAE /* libavfilter.a */,
				EDEF188218EC8B5A003E8AAE /* libavdevice.a */,
				EDEF188318EC8B5A003E8AAE /* libavcodec.a */,
				EDEF188418EC8B5A003E8AAE /* libavutil.a */,
				EDEF188518EC8B5A003E8AAE /* libSDL.a */,
				EDEF188618EC8B5A003E8AAE /* libswscale.a */,
				EDEF188718EC8B5A003E8AAE /* libswresample.a */,
			);
			name = libs;
			sourceTree = "<group>";
		};
/* End PBXGroup section */

/* Begin PBXNativeTarget section */
		EDEF186418EC8AFF003E8AAE /* ffplay-xcode */ = {
			isa = PBXNativeTarget;
			buildConfigurationList = EDEF186E18EC8AFF003E8AAE /* Build configuration list for PBXNativeTarget "ffplay-xcode" */;
			buildPhases = (
				EDEF186118EC8AFF003E8AAE /* Sources */,
				EDEF186218EC8AFF003E8AAE /* Frameworks */,
				EDEF186318EC8AFF003E8AAE /* CopyFiles */,
			);
			buildRules = (
			);
			dependencies = (
			);
			name = "ffplay-xcode";
			productName = "ffplay-xcode";
			productReference = EDEF186518EC8AFF003E8AAE /* ffplay-xcode */;
			productType = "com.apple.product-type.tool";
		};
/* End PBXNativeTarget section */

/* Begin PBXProject section */
		EDEF185D18EC8AFF003E8AAE /* Project object */ = {
			isa = PBXProject;
			attributes = {
				LastUpgradeCheck = 0510;
				ORGANIZATIONNAME = "Jim Koning";
			};
			buildConfigurationList = EDEF186018EC8AFF003E8AAE /* Build configuration list for PBXProject "ffplay-xcode" */;
			compatibilityVersion = "Xcode 3.2";
			developmentRegion = English;
			hasScannedForEncodings = 0;
			knownRegions = (
				en,
			);
			mainGroup = EDEF185C18EC8AFF003E8AAE;
			productRefGroup = EDEF186618EC8AFF003E8AAE /* Products */;
			projectDirPath = "";
			projectRoot = "";
			targets = (
				EDEF186418EC8AFF003E8AAE /* ffplay-xcode */,
			);
		};
/* End PBXProject section */

/* Begin PBXSourcesBuildPhase section */
		EDEF186118EC8AFF003E8AAE /* Sources */ = {
			isa = PBXSourcesBuildPhase;
			buildActionMask = 2147483647;
			files = (
				EDEF187518EC8B2D003E8AAE /* cmdutils.c in Sources */,
				EDEF187418EC8B2D003E8AAE /* cmdutils_opencl.c in Sources */,
				EDEF187618EC8B2D003E8AAE /* ffplay.c in Sources */,
			);
			runOnlyForDeploymentPostprocessing = 0;
		};
/* End PBXSourcesBuildPhase section */

/* Begin XCBuildConfiguration section */
		EDEF186C18EC8AFF003E8AAE /* Debug */ = {
			isa = XCBuildConfiguration;
			buildSettings = {
				ALWAYS_SEARCH_USER_PATHS = NO;
				CLANG_CXX_LANGUAGE_STANDARD = "gnu++0x";
				CLANG_CXX_LIBRARY = "libc++";
				CLANG_ENABLE_MODULES = YES;
				CLANG_ENABLE_OBJC_ARC = YES;
				CLANG_WARN_BOOL_CONVERSION = YES;
				CLANG_WARN_CONSTANT_CONVERSION = YES;
				CLANG_WARN_DIRECT_OBJC_ISA_USAGE = YES_ERROR;
				CLANG_WARN_EMPTY_BODY = YES;
				CLANG_WARN_ENUM_CONVERSION = YES;
				CLANG_WARN_INT_CONVERSION = YES;
				CLANG_WARN_OBJC_ROOT_CLASS = YES_ERROR;
				CLANG_WARN__DUPLICATE_METHOD_MATCH = YES;
				COPY_PHASE_STRIP = NO;
				GCC_C_LANGUAGE_STANDARD = gnu99;
				GCC_DYNAMIC_NO_PIC = NO;
				GCC_ENABLE_OBJC_EXCEPTIONS = YES;
				GCC_OPTIMIZATION_LEVEL = 0;
				GCC_PREPROCESSOR_DEFINITIONS = (
					"DEBUG=1",
					"$(inherited)",
				);
				GCC_SYMBOLS_PRIVATE_EXTERN = NO;
				GCC_WARN_64_TO_32_BIT_CONVERSION = YES;
				GCC_WARN_ABOUT_RETURN_TYPE = YES_ERROR;
				GCC_WARN_UNDECLARED_SELECTOR = YES;
				GCC_WARN_UNINITIALIZED_AUTOS = YES_AGGRESSIVE;
				GCC_WARN_UNUSED_FUNCTION = YES;
				GCC_WARN_UNUSED_VARIABLE = YES;
				MACOSX_DEPLOYMENT_TARGET = 10.9;
				ONLY_ACTIVE_ARCH = YES;
				SDKROOT = macosx;
			};
			name = Debug;
		};
		EDEF186D18EC8AFF003E8AAE /* Release */ = {
			isa = XCBuildConfiguration;
			buildSettings = {
				ALWAYS_SEARCH_USER_PATHS = NO;
				CLANG_CXX_LANGUAGE_STANDARD = "gnu++0x";
				CLANG_CXX_LIBRARY = "libc++";
				CLANG_ENABLE_MODULES = YES;
				CLANG_ENABLE_OBJC_ARC = YES;
				CLANG_WARN_BOOL_CONVERSION = YES;
				CLANG_WARN_CONSTANT_CONVERSION = YES;
				CLANG_WARN_DIRECT_OBJC_ISA_USAGE = YES_ERROR;
				CLANG_WARN_EMPTY_BODY = YES;
				CLANG_WARN_ENUM_CONVERSION = YES;
				CLANG_WARN_INT_CONVERSION = YES;
				CLANG_WARN_OBJC_ROOT_CLASS = YES_ERROR;
				CLANG_WARN__DUPLICATE_METHOD_MATCH = YES;
				COPY_PHASE_STRIP = YES;
				DEBUG_INFORMATION_FORMAT = "dwarf-with-dsym";
				ENABLE_NS_ASSERTIONS = NO;
				GCC_C_LANGUAGE_STANDARD = gnu99;
				GCC_ENABLE_OBJC_EXCEPTIONS = YES;
				GCC_WARN_64_TO_32_BIT_CONVERSION = YES;
				GCC_WARN_ABOUT_RETURN_TYPE = YES_ERROR;
				GCC_WARN_UNDECLARED_SELECTOR = YES;
				GCC_WARN_UNINITIALIZED_AUTOS = YES_AGGRESSIVE;
				GCC_WARN_UNUSED_FUNCTION = YES;
				GCC_WARN_UNUSED_VARIABLE = YES;
				MACOSX_DEPLOYMENT_TARGET = 10.9;
				SDKROOT = macosx;
			};
			name = Release;
		};
		EDEF186F18EC8AFF003E8AAE /* Debug */ = {
			isa = XCBuildConfiguration;
			buildSettings = {
				HEADER_SEARCH_PATHS = (
					"$(inherited)",
					/Applications/Xcode.app/Contents/Developer/Toolchains/XcodeDefault.xctoolchain/usr/include,
					../..,
					/usr/local/include,
					/usr/local/include/SDL,
				);
				LIBRARY_SEARCH_PATHS = (
					"$(inherited)",
					../../libavutil,
					../../libavdevice,
					../../libavcodec,
					../../libavfilter,
					../../libavformat,
					../../libavresample,
					../../libpostproc,
					../../libswresample,
					../../libswscale,
					/usr/local/lib,
				);
				OTHER_LDFLAGS = (
					"-lssl",
					"-lcrypto",
					"-lm",
					"-lbz2",
					"-lz",
					"-liconv",
				);
				PRODUCT_NAME = "$(TARGET_NAME)";
			};
			name = Debug;
		};
		EDEF187018EC8AFF003E8AAE /* Release */ = {
			isa = XCBuildConfiguration;
			buildSettings = {
				HEADER_SEARCH_PATHS = (
					"$(inherited)",
					/Applications/Xcode.app/Contents/Developer/Toolchains/XcodeDefault.xctoolchain/usr/include,
					../..,
					/usr/local/include,
					/usr/local/include/SDL,
				);
				LIBRARY_SEARCH_PATHS = (
					"$(inherited)",
					../../libavutil,
					../../libavdevice,
					../../libavcodec,
					../../libavfilter,
					../../libavformat,
					../../libavresample,
					../../libpostproc,
					../../libswresample,
					../../libswscale,
					/usr/local/lib,
				);
				OTHER_LDFLAGS = (
					"-lssl",
					"-lcrypto",
					"-lm",
					"-lbz2",
					"-lz",
					"-liconv",
				);
				PRODUCT_NAME = "$(TARGET_NAME)";
			};
			name = Release;
		};
/* End XCBuildConfiguration section */

/* Begin XCConfigurationList section */
		EDEF186018EC8AFF003E8AAE /* Build configuration list for PBXProject "ffplay-xcode" */ = {
			isa = XCConfigurationList;
			buildConfigurations = (
				EDEF186C18EC8AFF003E8AAE /* Debug */,
				EDEF186D18EC8AFF003E8AAE /* Release */,
			);
			defaultConfigurationIsVisible = 0;
			defaultConfigurationName = Release;
		};
		EDEF186E18EC8AFF003E8AAE /* Build configuration list for PBXNativeTarget "ffplay-xcode" */ = {
			isa = XCConfigurationList;
			buildConfigurations = (
				EDEF186F18EC8AFF003E8AAE /* Debug */,
				EDEF187018EC8AFF003E8AAE /* Release */,
			);
			defaultConfigurationIsVisible = 0;
		};
/* End XCConfigurationList section */
	};
	rootObject = EDEF185D18EC8AFF003E8AAE /* Project object */;
}
